
Microsoft Visual Studio Solution File, Format Version 12.00
# Visual Studio 15
VisualStudioVersion = 15.0.28307.645
MinimumVisualStudioVersion = 10.0.40219.1
Project("{FAE04EC0-301F-11D3-BF4B-00C04F79EFBC}") = "DemoProject", "DemoProject\DemoProject.csproj", "{D4F8275E-F5AF-4191-8108-EA435EBFAD5E}"
EndProject
Global
	GlobalSection(SolutionConfigurationPlatforms) = preSolution
		Debug|Any CPU = Debug|Any CPU
		Release|Any CPU = Release|Any CPU
	EndGlobalSection
	GlobalSection(ProjectConfigurationPlatforms) = postSolution
		{D4F8275E-F5AF-4191-8108-EA435EBFAD5E}.Debug|Any CPU.ActiveCfg = Debug|Any CPU
		{D4F8275E-F5AF-4191-8108-EA435EBFAD5E}.Debug|Any CPU.Build.0 = Debug|Any CPU
		{D4F8275E-F5AF-4191-8108-EA435EBFAD5E}.Release|Any CPU.ActiveCfg = Release|Any CPU
		{D4F8275E-F5AF-4191-8108-EA435EBFAD5E}.Release|Any CPU.Build.0 = Release|Any CPU
	EndGlobalSection
	GlobalSection(SolutionProperties) = preSolution
		HideSolutionNode = FALSE
	EndGlobalSection
	GlobalSection(ExtensibilityGlobals) = postSolution
		SolutionGuid = {D1C878DF-335D-4F7C-9436-551B5AF6F9C2}
	EndGlobalSection
EndGlobal
